
Microsoft Visual Studio Solution File, Format Version 12.00
# Visual Studio Version 17
VisualStudioVersion = 17.0.31919.166
MinimumVisualStudioVersion = 10.0.40219.1
Project("{2150E333-8FDC-42A3-9474-1A3956D46DE8}") = "Bussiness", "Bussiness", "{71CF3FE4-CF5B-46E6-97AB-2D7CC33B5AFC}"
EndProject
Project("{2150E333-8FDC-42A3-9474-1A3956D46DE8}") = "Core", "Core", "{05DBD06C-57D0-432F-9D74-90744598F019}"
EndProject
Project("{2150E333-8FDC-42A3-9474-1A3956D46DE8}") = "Data", "Data", "{E334A438-71E1-4C81-AD12-04609ADEC7EE}"
EndProject
Project("{2150E333-8FDC-42A3-9474-1A3956D46DE8}") = "UnitTest", "UnitTest", "{1234B846-D2EA-4056-B463-8048C57E9AF1}"
EndProject
Project("{2150E333-8FDC-42A3-9474-1A3956D46DE8}") = "Service", "Service", "{14FF5140-5A26-4A8F-9F04-98DDD4448965}"
EndProject
Project("{2150E333-8FDC-42A3-9474-1A3956D46DE8}") = "Worker", "Worker", "{F69EAE41-991B-44B3-B410-A0C0457551D5}"
EndProject
Project("{2150E333-8FDC-42A3-9474-1A3956D46DE8}") = "Actor", "Actor", "{D989F3F4-F990-4D4E-A07B-595F31A3975F}"
EndProject
Project("{9A19103F-16F7-4668-BE54-9A1E7A4F7556}") = "BMS.Core.Parser", "Core\BMS.Core.Parser\BMS.Core.Parser.csproj", "{227F5983-3F59-4B09-A6FB-48BBB28A6835}"
EndProject
Project("{9A19103F-16F7-4668-BE54-9A1E7A4F7556}") = "BMS.Worker.DataCollector", "Worker\BMS.Worker.DataCollector\BMS.Worker.DataCollector.csproj", "{22F20323-E37A-462E-A387-E009BA074D1C}"
EndProject
Project("{9A19103F-16F7-4668-BE54-9A1E7A4F7556}") = "BMS.Actor.Manager", "Actor\BMS.Actor.Manager\BMS.Actor.Manager.csproj", "{B2D3E522-50FF-4FE5-8578-AA9759AEE7F2}"
EndProject
Project("{9A19103F-16F7-4668-BE54-9A1E7A4F7556}") = "BMS.Core.Logger", "Core\BMS.Core.Logger\BMS.Core.Logger.csproj", "{88ABB9AF-A4A2-4D1D-B6BD-525BDC8C17CC}"
EndProject
Project("{9A19103F-16F7-4668-BE54-9A1E7A4F7556}") = "BMS.Core.Common", "Core\BMS.Core.Common\BMS.Core.Common.csproj", "{3EA9A9E7-2F6F-403A-A92F-52AC06717686}"
EndProject
Project("{9A19103F-16F7-4668-BE54-9A1E7A4F7556}") = "BMS.Core.DB", "Core\BMS.Core.DB\BMS.Core.DB.csproj", "{343D074B-8DAF-4387-8086-6AD05F858D72}"
EndProject
Project("{9A19103F-16F7-4668-BE54-9A1E7A4F7556}") = "BMS.Core.RestAPI", "Core\BMS.Core.RestAPI\BMS.Core.RestAPI.csproj", "{93A5BF77-D605-47D1-8888-D543A361B293}"
EndProject
Global
	GlobalSection(SolutionConfigurationPlatforms) = preSolution
		Debug|Any CPU = Debug|Any CPU
		Release|Any CPU = Release|Any CPU
	EndGlobalSection
	GlobalSection(ProjectConfigurationPlatforms) = postSolution
		{227F5983-3F59-4B09-A6FB-48BBB28A6835}.Debug|Any CPU.ActiveCfg = Debug|Any CPU
		{227F5983-3F59-4B09-A6FB-48BBB28A6835}.Debug|Any CPU.Build.0 = Debug|Any CPU
		{227F5983-3F59-4B09-A6FB-48BBB28A6835}.Release|Any CPU.ActiveCfg = Release|Any CPU
		{227F5983-3F59-4B09-A6FB-48BBB28A6835}.Release|Any CPU.Build.0 = Release|Any CPU
		{22F20323-E37A-462E-A387-E009BA074D1C}.Debug|Any CPU.ActiveCfg = Debug|Any CPU
		{22F20323-E37A-462E-A387-E009BA074D1C}.Debug|Any CPU.Build.0 = Debug|Any CPU
		{22F20323-E37A-462E-A387-E009BA074D1C}.Release|Any CPU.ActiveCfg = Release|Any CPU
		{22F20323-E37A-462E-A387-E009BA074D1C}.Release|Any CPU.Build.0 = Release|Any CPU
		{B2D3E522-50FF-4FE5-8578-AA9759AEE7F2}.Debug|Any CPU.ActiveCfg = Debug|Any CPU
		{B2D3E522-50FF-4FE5-8578-AA9759AEE7F2}.Debug|Any CPU.Build.0 = Debug|Any CPU
		{B2D3E522-50FF-4FE5-8578-AA9759AEE7F2}.Release|Any CPU.ActiveCfg = Release|Any CPU
		{B2D3E522-50FF-4FE5-8578-AA9759AEE7F2}.Release|Any CPU.Build.0 = Release|Any CPU
		{88ABB9AF-A4A2-4D1D-B6BD-525BDC8C17CC}.Debug|Any CPU.ActiveCfg = Debug|Any CPU
		{88ABB9AF-A4A2-4D1D-B6BD-525BDC8C17CC}.Debug|Any CPU.Build.0 = Debug|Any CPU
		{88ABB9AF-A4A2-4D1D-B6BD-525BDC8C17CC}.Release|Any CPU.ActiveCfg = Release|Any CPU
		{88ABB9AF-A4A2-4D1D-B6BD-525BDC8C17CC}.Release|Any CPU.Build.0 = Release|Any CPU
		{3EA9A9E7-2F6F-403A-A92F-52AC06717686}.Debug|Any CPU.ActiveCfg = Debug|Any CPU
		{3EA9A9E7-2F6F-403A-A92F-52AC06717686}.Debug|Any CPU.Build.0 = Debug|Any CPU
		{3EA9A9E7-2F6F-403A-A92F-52AC06717686}.Release|Any CPU.ActiveCfg = Release|Any CPU
		{3EA9A9E7-2F6F-403A-A92F-52AC06717686}.Release|Any CPU.Build.0 = Release|Any CPU
		{343D074B-8DAF-4387-8086-6AD05F858D72}.Debug|Any CPU.ActiveCfg = Debug|Any CPU
		{343D074B-8DAF-4387-8086-6AD05F858D72}.Debug|Any CPU.Build.0 = Debug|Any CPU
		{343D074B-8DAF-4387-8086-6AD05F858D72}.Release|Any CPU.ActiveCfg = Release|Any CPU
		{343D074B-8DAF-4387-8086-6AD05F858D72}.Release|Any CPU.Build.0 = Release|Any CPU
		{93A5BF77-D605-47D1-8888-D543A361B293}.Debug|Any CPU.ActiveCfg = Debug|Any CPU
		{93A5BF77-D605-47D1-8888-D543A361B293}.Debug|Any CPU.Build.0 = Debug|Any CPU
		{93A5BF77-D605-47D1-8888-D543A361B293}.Release|Any CPU.ActiveCfg = Release|Any CPU
		{93A5BF77-D605-47D1-8888-D543A361B293}.Release|Any CPU.Build.0 = Release|Any CPU
	EndGlobalSection
	GlobalSection(SolutionProperties) = preSolution
		HideSolutionNode = FALSE
	EndGlobalSection
	GlobalSection(NestedProjects) = preSolution
		{227F5983-3F59-4B09-A6FB-48BBB28A6835} = {05DBD06C-57D0-432F-9D74-90744598F019}
		{22F20323-E37A-462E-A387-E009BA074D1C} = {F69EAE41-991B-44B3-B410-A0C0457551D5}
		{B2D3E522-50FF-4FE5-8578-AA9759AEE7F2} = {D989F3F4-F990-4D4E-A07B-595F31A3975F}
		{88ABB9AF-A4A2-4D1D-B6BD-525BDC8C17CC} = {05DBD06C-57D0-432F-9D74-90744598F019}
		{3EA9A9E7-2F6F-403A-A92F-52AC06717686} = {05DBD06C-57D0-432F-9D74-90744598F019}
		{343D074B-8DAF-4387-8086-6AD05F858D72} = {05DBD06C-57D0-432F-9D74-90744598F019}
		{93A5BF77-D605-47D1-8888-D543A361B293} = {05DBD06C-57D0-432F-9D74-90744598F019}
	EndGlobalSection
	GlobalSection(ExtensibilityGlobals) = postSolution
		SolutionGuid = {FEB7B7D5-E263-4FDF-A378-82061FD9422D}
	EndGlobalSection
EndGlobal
